github.com/gin-gonic/gin v1.9.1 h1:4+fr/el88TOO3ewCmQr8cx/CtZ/umlIRIs5M4NTNjf8=
github.com/gin-gonic/gin v1.9.1/go.mod h1:hPrL/0KcuaH8+K/SLQjh0=
github.com/golang-jwt/jwt/v5 v5.2.0 h1:d/ix8ftRUorsN+5eMIlF4T6J8CAt9rch3My2winC1Jw=
github.com/golang-jwt/jwt/v5 v5.2.0/go.mod h1:pqrtFR0X4osieyHYxtmOUWsAWrfe1Q5UVIyoH402zdk=
github.com/hashicorp/raft v1.6.1 h1:3LQve0xp9B1F6Fw2rsH5iEJppkh4R5CgKzz3XWpFvpE=
github.com/hashicorp/raft v1.6.1/go.mod h1:3S7PTZ2Uf4ZI2wHN6e4QwxrxaZ6OvL0ijZ9RBXzHOUw=
github.com/segmentio/kafka-go v0.4.47 h1:ueYzwKLmRZCKexB3VjVME6nk5RX2qO0D5vZjZcgy1a0=
github.com/segmentio/kafka-go v0.4.47/go.mod h1:N9SDV8GZ1qDIz6d4Tv3e3M1q0qZ1X4Zf6S2Y0/x7Yxw=
go.opentelemetry.io/otel v1.24.0 h1:0LAOdjNmQeSGTZMi+UQCI/2dvu8TD90r3BqKQ9A6xEI=
go.opentelemetry.io/otel v1.24.0/go.mod h1:QHLx9AIt7I4h7QzZ9DlU3QMnO56uPKMcF5TLWU0=
go.opentelemetry.io/otel/trace v1.24.0 h1:D4sKr0TrZfFgWaDPXhI4fBRO7BuFlIpF4SpA8u9JlEM=
go.opentelemetry.io/otel/trace v1.24.0/go.mod h1:G2nRL6BC8y8DWTaEY2ZU1TBZnCY3T6BZ6SuQq3UQ8t4=
go.opentelemetry.io/otel/exporters/jaeger v1.17.0 h1:lMjPrwWQh7qVkXK3BKmEi3M0+eJUUrZcS4kC27d0NSI=
go.opentelemetry.io/otel/exporters/jaeger v1.17.0/go.mod h1:Li5F5zh4kC9h6l5Ej3r4rU5E6nP0W7LCO0MqyJcK5Jc=
go.opentelemetry.io/otel/sdk v1.24.0 h1:rDOvCK3HYgCDT8SqcYJBfO9HMzE1Hf5s8Mts4WvZbUk=
go.opentelemetry.io/otel/sdk v1.24.0/go.mod h1:2r9hCjci0fU9RkF1a1U2mSiB1HYQIkcB0P4KfgiJmKM=
go.uber.org/zap v1.27.0 h1:aJMhYGrd5QSmlpLMr2MlRK4oKG2QGDVN2ILjM3W2mOY=
go.uber.org/zap v1.27.0/go.mod h1:YDLjoKbcUqGQ3rm6YApF0yCd7W7SsewQqfg7Ix8np2c=
golang.org/x/sync v0.6.0 h1:5BMeUDZ7vkXGfEr1x9B4bRc444+gD5WLaSZ+YTpSYY4=
golang.org/x/sync v0.6.0/go.mod h1:RxmQ3Pzz3QDM2Ah7dJ6y3GhOoD4I5ElIyFdyIPoOY1A=
google.golang.org/grpc v1.62.0 h1:3B58UD1JLisH3M2DtJ3WgSlJQhI1RcQm9YvP8U3e6Ms=
google.golang.org/grpc v1.62.0/go.mod h1:IjdL1EqXQzg6DPb/OdQN4yJ3tYxFS1ipQ8uK9M5Jc9E=
google.golang.org/protobuf v1.32.0 h1:pPC6BG5ex8PDFnkbrbu5xbBlKdP8sqNAZ1RQG3B3O5U=
google.golang.org/protobuf v1.32.0/go.mod h1:c6P6GXX6sU1QSoN1A2QxRfCQqgJf5K4D3r5zMq9lZ2E=
gopkg.in/yaml.v3 v3.0.1 h1:fxVm/GzAzEWqLHuvctI91KS9hhNmmWOoWu0XTYJE68CQ=
gopkg.in/yaml.v3 v3.0.1/go.mod h1:K4uyk7z7BCEPqu6E+C64Yfv1cQ7kz7rIZviUmN+EgEM=
